
Microsoft Visual Studio Solution File, Format Version 12.00
# Visual Studio Version 16
VisualStudioVersion = 16.0.30523.141
MinimumVisualStudioVersion = 10.0.40219.1
Project("{FAE04EC0-301F-11D3-BF4B-00C04F79EFBC}") = "TicTacToe", "TicTacToe.csproj", "{302DE3CE-5355-4DB9-982A-C29D094F8609}"
EndProject
Global
	GlobalSection(SolutionConfigurationPlatforms) = preSolution
		Debug|Any CPU = Debug|Any CPU
		Release|Any CPU = Release|Any CPU
	EndGlobalSection
	GlobalSection(ProjectConfigurationPlatforms) = postSolution
		{302DE3CE-5355-4DB9-982A-C29D094F8609}.Debug|Any CPU.ActiveCfg = Debug|Any CPU
		{302DE3CE-5355-4DB9-982A-C29D094F8609}.Debug|Any CPU.Build.0 = Debug|Any CPU
		{302DE3CE-5355-4DB9-982A-C29D094F8609}.Release|Any CPU.ActiveCfg = Release|Any CPU
		{302DE3CE-5355-4DB9-982A-C29D094F8609}.Release|Any CPU.Build.0 = Release|Any CPU
	EndGlobalSection
	GlobalSection(SolutionProperties) = preSolution
		HideSolutionNode = FALSE
	EndGlobalSection
	GlobalSection(ExtensibilityGlobals) = postSolution
		SolutionGuid = {48F211F7-7B96-43C4-91A6-261361DA5935}
	EndGlobalSection
EndGlobal
